
Microsoft Visual Studio Solution File, Format Version 12.00
# Visual Studio Version 16
VisualStudioVersion = 16.0.32106.194
MinimumVisualStudioVersion = 10.0.40219.1
Project("{FAE04EC0-301F-11D3-BF4B-00C04F79EFBC}") = "10022022", "10022022\10022022.csproj", "{8879CF45-EC1B-4A39-BE6B-99FA354CEBAA}"
EndProject
Global
	GlobalSection(SolutionConfigurationPlatforms) = preSolution
		Debug|Any CPU = Debug|Any CPU
		Release|Any CPU = Release|Any CPU
	EndGlobalSection
	GlobalSection(ProjectConfigurationPlatforms) = postSolution
		{8879CF45-EC1B-4A39-BE6B-99FA354CEBAA}.Debug|Any CPU.ActiveCfg = Debug|Any CPU
		{8879CF45-EC1B-4A39-BE6B-99FA354CEBAA}.Debug|Any CPU.Build.0 = Debug|Any CPU
		{8879CF45-EC1B-4A39-BE6B-99FA354CEBAA}.Release|Any CPU.ActiveCfg = Release|Any CPU
		{8879CF45-EC1B-4A39-BE6B-99FA354CEBAA}.Release|Any CPU.Build.0 = Release|Any CPU
	EndGlobalSection
	GlobalSection(SolutionProperties) = preSolution
		HideSolutionNode = FALSE
	EndGlobalSection
	GlobalSection(ExtensibilityGlobals) = postSolution
		SolutionGuid = {BB2F8FA9-C313-413C-8AE4-CFB003D78165}
	EndGlobalSection
EndGlobal
